Microsoft Visual Studio Solution File, Format Version 12.00
# Visual Studio Version 17
VisualStudioVersion = 17.5.2.0
MinimumVisualStudioVersion = 10.0.40219.1
Project("{FAE04EC0-301F-11D3-BF4B-00C04F79EFBC}") = "Desafio-de-GFT", "Desafio-de-GFT.csproj", "{B055D46C-BC90-1611-FCDD-E934BCFF15DB}"
EndProject
Global
	GlobalSection(SolutionConfigurationPlatforms) = preSolution
		Debug|Any CPU = Debug|Any CPU
		Release|Any CPU = Release|Any CPU
	EndGlobalSection
	GlobalSection(ProjectConfigurationPlatforms) = postSolution
		{B055D46C-BC90-1611-FCDD-E934BCFF15DB}.Debug|Any CPU.ActiveCfg = Debug|Any CPU
		{B055D46C-BC90-1611-FCDD-E934BCFF15DB}.Debug|Any CPU.Build.0 = Debug|Any CPU
		{B055D46C-BC90-1611-FCDD-E934BCFF15DB}.Release|Any CPU.ActiveCfg = Release|Any CPU
		{B055D46C-BC90-1611-FCDD-E934BCFF15DB}.Release|Any CPU.Build.0 = Release|Any CPU
	EndGlobalSection
	GlobalSection(SolutionProperties) = preSolution
		HideSolutionNode = FALSE
	EndGlobalSection
	GlobalSection(ExtensibilityGlobals) = postSolution
		SolutionGuid = {A4A89D62-96C5-4587-823E-94F701789B8C}
	EndGlobalSection
EndGlobal
